version: 1
generated_at: 2026-05-25T15:31:45Z
internal: []
trusted:
  - action: actions/checkout
    refs:
      - v2
    occurrences:
      v2:
        .github/workflows/pre-commit.yml:
          - jobs.collectInputs.steps.[0].uses
          - jobs.preCommitMinVersions.steps.[0].uses
          - jobs.preCommitMaxVersion.steps.[0].uses
        .github/workflows/release.yml:
          - jobs.release.steps.[0].uses
  - action: actions/stale
    refs:
      - v4
    occurrences:
      v4:
        .github/workflows/stale-actions.yaml:
          - jobs.stale.steps.[0].uses
external:
  - action: amannn/action-semantic-pull-request
    refs:
      - 7bfb19c48fc334d3dacb072cf982e81535041209
    occurrences:
      7bfb19c48fc334d3dacb072cf982e81535041209:
        .github/workflows/pr-title.yml:
          - jobs.main.steps.[0].uses
  - action: clowdhaus/terraform-composite-actions/directories
    refs:
      - eb963bdb7f8b1c64e29b6f4b08c7e5eab1be4bd2
    occurrences:
      eb963bdb7f8b1c64e29b6f4b08c7e5eab1be4bd2:
        .github/workflows/pre-commit.yml:
          - jobs.collectInputs.steps.[1].uses
  - action: clowdhaus/terraform-composite-actions/pre-commit
    refs:
      - eb963bdb7f8b1c64e29b6f4b08c7e5eab1be4bd2
    occurrences:
      eb963bdb7f8b1c64e29b6f4b08c7e5eab1be4bd2:
        .github/workflows/pre-commit.yml:
          - jobs.preCommitMinVersions.steps.[2].uses
          - jobs.preCommitMinVersions.steps.[3].uses
          - jobs.preCommitMaxVersion.steps.[2].uses
  - action: clowdhaus/terraform-min-max
    refs:
      - 7009a64f997e57294f56f7c13b584e61574e7be9
    occurrences:
      7009a64f997e57294f56f7c13b584e61574e7be9:
        .github/workflows/pre-commit.yml:
          - jobs.preCommitMinVersions.steps.[1].uses
          - jobs.preCommitMaxVersion.steps.[1].uses
  - action: cycjimmy/semantic-release-action
    refs:
      - 5982a02995853159735cb838992248c4f0f16166
    occurrences:
      5982a02995853159735cb838992248c4f0f16166:
        .github/workflows/release.yml:
          - jobs.release.steps.[1].uses
local: []
docker: []
dynamic: []
