version: 1
generated_at: 2026-05-25T13:03:52Z
internal: []
trusted:
  - action: actions/checkout
    refs:
      - v2
    occurrences:
      v2:
        .github/workflows/pre-commit.yml:
          - jobs.collectInputs.steps.[0].uses
          - jobs.preCommitMinVersions.steps.[0].uses
          - jobs.preCommitMaxVersion.steps.[0].uses
        .github/workflows/release.yml:
          - jobs.release.steps.[0].uses
  - action: actions/stale
    refs:
      - v4
    occurrences:
      v4:
        .github/workflows/stale-actions.yaml:
          - jobs.stale.steps.[0].uses
external:
  - action: amannn/action-semantic-pull-request
    refs:
      - v3.4.6
    occurrences:
      v3.4.6:
        .github/workflows/pr-title.yml:
          - jobs.main.steps.[0].uses
  - action: clowdhaus/terraform-composite-actions/directories
    refs:
      - v1.3.0
    occurrences:
      v1.3.0:
        .github/workflows/pre-commit.yml:
          - jobs.collectInputs.steps.[1].uses
  - action: clowdhaus/terraform-composite-actions/pre-commit
    refs:
      - v1.3.0
    occurrences:
      v1.3.0:
        .github/workflows/pre-commit.yml:
          - jobs.preCommitMinVersions.steps.[2].uses
          - jobs.preCommitMinVersions.steps.[3].uses
          - jobs.preCommitMaxVersion.steps.[2].uses
  - action: clowdhaus/terraform-min-max
    refs:
      - v1.0.3
    occurrences:
      v1.0.3:
        .github/workflows/pre-commit.yml:
          - jobs.preCommitMinVersions.steps.[1].uses
          - jobs.preCommitMaxVersion.steps.[1].uses
  - action: cycjimmy/semantic-release-action
    refs:
      - v2
    occurrences:
      v2:
        .github/workflows/release.yml:
          - jobs.release.steps.[1].uses
local: []
docker: []
dynamic: []
